
Microsoft Visual Studio Solution File, Format Version 12.00
# Visual Studio Version 17
VisualStudioVersion = 17.6.33815.320
MinimumVisualStudioVersion = 10.0.40219.1
Project("{FAE04EC0-301F-11D3-BF4B-00C04F79EFBC}") = "Mathhammer", "Mathhammer.csproj", "{945D25F7-F130-4595-A2C1-D916F3EBA67B}"
EndProject
Global
	GlobalSection(SolutionConfigurationPlatforms) = preSolution
		Debug|Any CPU = Debug|Any CPU
		Release|Any CPU = Release|Any CPU
	EndGlobalSection
	GlobalSection(ProjectConfigurationPlatforms) = postSolution
		{945D25F7-F130-4595-A2C1-D916F3EBA67B}.Debug|Any CPU.ActiveCfg = Debug|Any CPU
		{945D25F7-F130-4595-A2C1-D916F3EBA67B}.Debug|Any CPU.Build.0 = Debug|Any CPU
		{945D25F7-F130-4595-A2C1-D916F3EBA67B}.Release|Any CPU.ActiveCfg = Release|Any CPU
		{945D25F7-F130-4595-A2C1-D916F3EBA67B}.Release|Any CPU.Build.0 = Release|Any CPU
	EndGlobalSection
	GlobalSection(SolutionProperties) = preSolution
		HideSolutionNode = FALSE
	EndGlobalSection
	GlobalSection(ExtensibilityGlobals) = postSolution
		SolutionGuid = {9A7076A1-71CB-4758-9087-27DF19665267}
	EndGlobalSection
EndGlobal
